
Microsoft Visual Studio Solution File, Format Version 12.00
# Visual Studio Version 17
VisualStudioVersion = 17.4.33110.190
MinimumVisualStudioVersion = 10.0.40219.1
Project("{FAE04EC0-301F-11D3-BF4B-00C04F79EFBC}") = "931920.tikhomirov.ilya.lab12", "931920.tikhomirov.ilya.lab12.csproj", "{CD8FB71B-BE1A-4210-9621-83CCB613FAE4}"
EndProject
Global
	GlobalSection(SolutionConfigurationPlatforms) = preSolution
		Debug|Any CPU = Debug|Any CPU
		Release|Any CPU = Release|Any CPU
	EndGlobalSection
	GlobalSection(ProjectConfigurationPlatforms) = postSolution
		{CD8FB71B-BE1A-4210-9621-83CCB613FAE4}.Debug|Any CPU.ActiveCfg = Debug|Any CPU
		{CD8FB71B-BE1A-4210-9621-83CCB613FAE4}.Debug|Any CPU.Build.0 = Debug|Any CPU
		{CD8FB71B-BE1A-4210-9621-83CCB613FAE4}.Release|Any CPU.ActiveCfg = Release|Any CPU
		{CD8FB71B-BE1A-4210-9621-83CCB613FAE4}.Release|Any CPU.Build.0 = Release|Any CPU
	EndGlobalSection
	GlobalSection(SolutionProperties) = preSolution
		HideSolutionNode = FALSE
	EndGlobalSection
	GlobalSection(ExtensibilityGlobals) = postSolution
		SolutionGuid = {F905DE01-5D40-4730-A4A2-6AB865632DF3}
	EndGlobalSection
EndGlobal
